
Microsoft Visual Studio Solution File, Format Version 12.00
# Visual Studio 15
Project("{FAE04EC0-301F-11D3-BF4B-00C04F79EFBC}") = "Assembly-CSharp-Editor", "Assembly-CSharp-Editor.csproj", "{8880BA52-84ED-74C2-D12B-0E0DA84BC81C}"
EndProject
Project("{FAE04EC0-301F-11D3-BF4B-00C04F79EFBC}") = "Assembly-CSharp", "Assembly-CSharp.csproj", "{97E49C70-EE4C-E1F0-393B-009DA2903041}"
EndProject
Global
	GlobalSection(SolutionConfigurationPlatforms) = preSolution
		Debug|Any CPU = Debug|Any CPU
		Release|Any CPU = Release|Any CPU
	EndGlobalSection
	GlobalSection(ProjectConfigurationPlatforms) = postSolution
		{8880BA52-84ED-74C2-D12B-0E0DA84BC81C}.Debug|Any CPU.ActiveCfg = Debug|Any CPU
		{8880BA52-84ED-74C2-D12B-0E0DA84BC81C}.Debug|Any CPU.Build.0 = Debug|Any CPU
		{8880BA52-84ED-74C2-D12B-0E0DA84BC81C}.Release|Any CPU.ActiveCfg = Release|Any CPU
		{8880BA52-84ED-74C2-D12B-0E0DA84BC81C}.Release|Any CPU.Build.0 = Release|Any CPU
		{97E49C70-EE4C-E1F0-393B-009DA2903041}.Debug|Any CPU.ActiveCfg = Debug|Any CPU
		{97E49C70-EE4C-E1F0-393B-009DA2903041}.Debug|Any CPU.Build.0 = Debug|Any CPU
		{97E49C70-EE4C-E1F0-393B-009DA2903041}.Release|Any CPU.ActiveCfg = Release|Any CPU
		{97E49C70-EE4C-E1F0-393B-009DA2903041}.Release|Any CPU.Build.0 = Release|Any CPU
	EndGlobalSection
	GlobalSection(SolutionProperties) = preSolution
		HideSolutionNode = FALSE
	EndGlobalSection
EndGlobal
